
Microsoft Visual Studio Solution File, Format Version 12.00
# Visual Studio 15
Project("{FAE04EC0-301F-11D3-BF4B-00C04F79EFBC}") = "Passw0rd", "Passw0rd\Passw0rd.csproj", "{BF29EF46-FBD0-4CBD-A89F-65DC5A769335}"
EndProject
Global
	GlobalSection(SolutionConfigurationPlatforms) = preSolution
		Debug|Any CPU = Debug|Any CPU
		Release|Any CPU = Release|Any CPU
	EndGlobalSection
	GlobalSection(ProjectConfigurationPlatforms) = postSolution
		{BF29EF46-FBD0-4CBD-A89F-65DC5A769335}.Debug|Any CPU.ActiveCfg = Debug|Any CPU
		{BF29EF46-FBD0-4CBD-A89F-65DC5A769335}.Debug|Any CPU.Build.0 = Debug|Any CPU
		{BF29EF46-FBD0-4CBD-A89F-65DC5A769335}.Release|Any CPU.ActiveCfg = Release|Any CPU
		{BF29EF46-FBD0-4CBD-A89F-65DC5A769335}.Release|Any CPU.Build.0 = Release|Any CPU
	EndGlobalSection
EndGlobal
